
Microsoft Visual Studio Solution File, Format Version 12.00
# Visual Studio Version 16
VisualStudioVersion = 16.0.31229.75
MinimumVisualStudioVersion = 10.0.40219.1
Project("{9A19103F-16F7-4668-BE54-9A1E7A4F7556}") = "TaskB", "TaskB\TaskB.csproj", "{9E613079-A52C-4F58-B123-D3064031B539}"
EndProject
Project("{9A19103F-16F7-4668-BE54-9A1E7A4F7556}") = "TaskC", "TaskC\TaskC.csproj", "{F4B7C979-7D03-4D59-A04F-28653ABE6EBE}"
EndProject
Project("{9A19103F-16F7-4668-BE54-9A1E7A4F7556}") = "TaskA", "TaskA\TaskA.csproj", "{F3391583-88B4-4FE9-9886-6A87ECD8BFF2}"
EndProject
Global
	GlobalSection(SolutionConfigurationPlatforms) = preSolution
		Debug|Any CPU = Debug|Any CPU
		Release|Any CPU = Release|Any CPU
	EndGlobalSection
	GlobalSection(ProjectConfigurationPlatforms) = postSolution
		{9E613079-A52C-4F58-B123-D3064031B539}.Debug|Any CPU.ActiveCfg = Debug|Any CPU
		{9E613079-A52C-4F58-B123-D3064031B539}.Debug|Any CPU.Build.0 = Debug|Any CPU
		{9E613079-A52C-4F58-B123-D3064031B539}.Release|Any CPU.ActiveCfg = Release|Any CPU
		{9E613079-A52C-4F58-B123-D3064031B539}.Release|Any CPU.Build.0 = Release|Any CPU
		{F4B7C979-7D03-4D59-A04F-28653ABE6EBE}.Debug|Any CPU.ActiveCfg = Debug|Any CPU
		{F4B7C979-7D03-4D59-A04F-28653ABE6EBE}.Debug|Any CPU.Build.0 = Debug|Any CPU
		{F4B7C979-7D03-4D59-A04F-28653ABE6EBE}.Release|Any CPU.ActiveCfg = Release|Any CPU
		{F4B7C979-7D03-4D59-A04F-28653ABE6EBE}.Release|Any CPU.Build.0 = Release|Any CPU
		{F3391583-88B4-4FE9-9886-6A87ECD8BFF2}.Debug|Any CPU.ActiveCfg = Debug|Any CPU
		{F3391583-88B4-4FE9-9886-6A87ECD8BFF2}.Debug|Any CPU.Build.0 = Debug|Any CPU
		{F3391583-88B4-4FE9-9886-6A87ECD8BFF2}.Release|Any CPU.ActiveCfg = Release|Any CPU
		{F3391583-88B4-4FE9-9886-6A87ECD8BFF2}.Release|Any CPU.Build.0 = Release|Any CPU
	EndGlobalSection
	GlobalSection(SolutionProperties) = preSolution
		HideSolutionNode = FALSE
	EndGlobalSection
	GlobalSection(ExtensibilityGlobals) = postSolution
		SolutionGuid = {7B4EC888-49C9-4E18-A718-E0BFFBF0FEEB}
	EndGlobalSection
EndGlobal
